{
  "nodes": {
    "flake-utils": {
      "locked": {
        "lastModified": 1610051610,
        "narHash": "sha256-U9rPz/usA1/Aohhk7Cmc2gBrEEKRzcW4nwPWMPwja4Y=",
        "owner": "numtide",
        "repo": "flake-utils",
        "rev": "3982c9903e93927c2164caa727cd3f6a0e6d14cc",
        "type": "github"
      },
      "original": {
        "owner": "numtide",
        "repo": "flake-utils",
        "type": "github"
      }
    },
    "home-manager": {
      "inputs": {
        "nixpkgs": "nixpkgs"
      },
      "locked": {
        "lastModified": 1625694413,
        "narHash": "sha256-goRLk1I/OMclS9i17g932wyHyjiKI+htbuFIWIkzTbw=",
        "owner": "nix-community",
        "repo": "home-manager",
        "rev": "06ee8ec8dfc4554c374052cd7b7083765748af99",
        "type": "github"
      },
      "original": {
        "owner": "nix-community",
        "repo": "home-manager",
        "type": "github"
      }
    },
    "neovim": {
      "inputs": {
        "flake-utils": "flake-utils",
        "nixpkgs": "nixpkgs_2"
      },
      "locked": {
        "dir": "contrib",
        "lastModified": 1625758841,
        "narHash": "sha256-ATWFqgSTgN3ivDr2KhqDa+V4gbilyowgr/Jr6sGhb1k=",
        "owner": "neovim",
        "repo": "neovim",
        "rev": "03d15d9e098d75ddb6962aa9b27c2218e370a3b9",
        "type": "github"
      },
      "original": {
        "dir": "contrib",
        "owner": "neovim",
        "repo": "neovim",
        "type": "github"
      }
    },
    "nixpkgs": {
      "locked": {
        "lastModified": 1625757671,
        "narHash": "sha256-tMp/aZFgQWd9R1JmVXS3KI2kE0Xv2jYXdq1EB4lB5j0=",
        "owner": "NixOS",
        "repo": "nixpkgs",
        "rev": "2ed84aa0f2103851abfa88595a20b9b38344203b",
        "type": "github"
      },
      "original": {
        "id": "nixpkgs",
        "type": "indirect"
      }
    },
    "nixpkgs_2": {
      "locked": {
        "lastModified": 1613226215,
        "narHash": "sha256-3rA5cGIrBHD6yeKhNhsF7/t461ww25oJY8KyBb0IhjU=",
        "owner": "nixos",
        "repo": "nixpkgs",
        "rev": "ff96a0fa5635770390b184ae74debea75c3fd534",
        "type": "github"
      },
      "original": {
        "owner": "nixos",
        "ref": "nixos-unstable",
        "repo": "nixpkgs",
        "type": "github"
      }
    },
    "nixpkgs_3": {
      "locked": {
        "lastModified": 1625598452,
        "narHash": "sha256-Oqh7nuZfEk+nkspGN5MS5ZTJ3dSxsUudTRvY/iUFad8=",
        "owner": "nixos",
        "repo": "nixpkgs",
        "rev": "00c86ad14639887ec495b92ada9cd93a75317686",
        "type": "github"
      },
      "original": {
        "owner": "nixos",
        "ref": "nixos-unstable",
        "repo": "nixpkgs",
        "type": "github"
      }
    },
    "root": {
      "inputs": {
        "home-manager": "home-manager",
        "neovim": "neovim",
        "nixpkgs": "nixpkgs_3"
      }
    }
  },
  "root": "root",
  "version": 7
}
