{
  "nodes": {
    "antifennel": {
      "flake": false,
      "locked": {
        "lastModified": 1785900978,
        "narHash": "sha256-Vnv7PeQ6IfUgRyhJaK4wUPxRA3GZp3+znwDl5WmoFuM=",
        "ref": "refs/heads/main",
        "rev": "aa5fe3180f5b95076700c4e9b19b57f17645bf00",
        "revCount": 145,
        "type": "git",
        "url": "https://git.sr.ht/~technomancy/antifennel"
      },
      "original": {
        "type": "git",
        "url": "https://git.sr.ht/~technomancy/antifennel"
      }
    },
    "home-manager": {
      "inputs": {
        "nixpkgs": "nixpkgs"
      },
      "locked": {
        "lastModified": 1787540599,
        "narHash": "sha256-MHwk52ty3NsLhq9a1IbIfBJZlCUJIdiUYFo52JLK9hY=",
        "owner": "nix-community",
        "repo": "home-manager",
        "rev": "03f4cd46bc1dd4f3a96da778d2ce9f7ce39dd450",
        "type": "github"
      },
      "original": {
        "owner": "nix-community",
        "repo": "home-manager",
        "type": "github"
      }
    },
    "neovim": {
      "flake": false,
      "locked": {
        "lastModified": 1787534866,
        "narHash": "sha256-JVuK9yPdYo/44OjkN3r5mEx3R968Y4ptLqbA0Lj7mDk=",
        "owner": "neovim",
        "repo": "neovim",
        "rev": "70958dae75efc797fe85b29df11fb2ea2ebf9401",
        "type": "github"
      },
      "original": {
        "owner": "neovim",
        "repo": "neovim",
        "type": "github"
      }
    },
    "nixos-unstable-small": {
      "locked": {
        "lastModified": 1787505430,
        "narHash": "sha256-Q0EAhFsvsJP9vAm+2q6zEwTWK+fm6Xbe4kOr1UKW6yc=",
        "owner": "nixos",
        "repo": "nixpkgs",
        "rev": "941ede61f9ab033fbf284f859af3b7f92562b85f",
        "type": "github"
      },
      "original": {
        "owner": "nixos",
        "ref": "nixos-unstable-small",
        "repo": "nixpkgs",
        "type": "github"
      }
    },
    "nixpkgs": {
      "locked": {
        "lastModified": 1787209939,
        "narHash": "sha256-WvvHR4kSQLAbtouMC/ruZ5UpLwlUcY3K4FAllMN+yGk=",
        "owner": "NixOS",
        "repo": "nixpkgs",
        "rev": "391b592eb44808b3bd0cb80bb71b63a5a118b8bb",
        "type": "github"
      },
      "original": {
        "owner": "NixOS",
        "ref": "nixpkgs-unstable",
        "repo": "nixpkgs",
        "type": "github"
      }
    },
    "nixpkgs_2": {
      "locked": {
        "lastModified": 1787360063,
        "narHash": "sha256-dt4WdcvsA8/RCe+VZZwqU0X+XMM3wBbGCWA0/sFWzGo=",
        "owner": "nixos",
        "repo": "nixpkgs",
        "rev": "2c423e03bbafcff28bfadc6781a4a8257f205cb5",
        "type": "github"
      },
      "original": {
        "owner": "nixos",
        "ref": "nixos-unstable",
        "repo": "nixpkgs",
        "type": "github"
      }
    },
    "root": {
      "inputs": {
        "antifennel": "antifennel",
        "home-manager": "home-manager",
        "neovim": "neovim",
        "nixos-unstable-small": "nixos-unstable-small",
        "nixpkgs": "nixpkgs_2",
        "xdg-desktop-portal-wlr-src": "xdg-desktop-portal-wlr-src"
      }
    },
    "xdg-desktop-portal-wlr-src": {
      "flake": false,
      "locked": {
        "lastModified": 1785258137,
        "narHash": "sha256-WR9BtCj9pz75qJU3wUK/S2kyOipz0KH0rIYQmJDNzIU=",
        "owner": "emersion",
        "repo": "xdg-desktop-portal-wlr",
        "rev": "4f70821cee131d1cb90ba979fea7bc13588ce09f",
        "type": "github"
      },
      "original": {
        "owner": "emersion",
        "ref": "4f70821cee131d1cb90ba979fea7bc13588ce09f",
        "repo": "xdg-desktop-portal-wlr",
        "type": "github"
      }
    }
  },
  "root": "root",
  "version": 7
}
