{
  "nodes": {
    "antifennel": {
      "flake": false,
      "locked": {
        "lastModified": 1701540186,
        "narHash": "sha256-3Cfjaw+C5U7REBZbQFu4T2bgnmgZ+dB722VEXb5w7P8=",
        "ref": "refs/heads/main",
        "rev": "2759c1fb73b413d49bf506bff545ce3b310e5663",
        "revCount": 123,
        "type": "git",
        "url": "https://git.sr.ht/~technomancy/antifennel"
      },
      "original": {
        "type": "git",
        "url": "https://git.sr.ht/~technomancy/antifennel"
      }
    },
    "home-manager": {
      "inputs": {
        "nixpkgs": "nixpkgs"
      },
      "locked": {
        "lastModified": 1705169127,
        "narHash": "sha256-j9OEtNxOIPWZWjbECVMkI1TO17SzlpHMm0LnVWKOR/g=",
        "owner": "nix-community",
        "repo": "home-manager",
        "rev": "f2942f3385f1b35cc8a1abb03a45e29c9cb4d3c8",
        "type": "github"
      },
      "original": {
        "owner": "nix-community",
        "repo": "home-manager",
        "type": "github"
      }
    },
    "nixpkgs": {
      "locked": {
        "lastModified": 1703961334,
        "narHash": "sha256-M1mV/Cq+pgjk0rt6VxoyyD+O8cOUiai8t9Q6Yyq4noY=",
        "owner": "NixOS",
        "repo": "nixpkgs",
        "rev": "b0d36bd0a420ecee3bc916c91886caca87c894e9",
        "type": "github"
      },
      "original": {
        "owner": "NixOS",
        "ref": "nixos-unstable",
        "repo": "nixpkgs",
        "type": "github"
      }
    },
    "nixpkgs-faster": {
      "locked": {
        "lastModified": 1705157111,
        "narHash": "sha256-zMphhlAFOlFgnZLNTsqIqUHfAhw2hCh7uO0Hy0H87Rk=",
        "owner": "nixos",
        "repo": "nixpkgs",
        "rev": "a3ada00f8a297a06617b2882a0943c26c8f3f424",
        "type": "github"
      },
      "original": {
        "owner": "nixos",
        "ref": "nixos-unstable-small",
        "repo": "nixpkgs",
        "type": "github"
      }
    },
    "nixpkgs_2": {
      "locked": {
        "lastModified": 1704722960,
        "narHash": "sha256-mKGJ3sPsT6//s+Knglai5YflJUF2DGj7Ai6Ynopz0kI=",
        "owner": "nixos",
        "repo": "nixpkgs",
        "rev": "317484b1ead87b9c1b8ac5261a8d2dd748a0492d",
        "type": "github"
      },
      "original": {
        "owner": "nixos",
        "ref": "nixos-unstable",
        "repo": "nixpkgs",
        "type": "github"
      }
    },
    "root": {
      "inputs": {
        "antifennel": "antifennel",
        "home-manager": "home-manager",
        "nixpkgs": "nixpkgs_2",
        "nixpkgs-faster": "nixpkgs-faster"
      }
    }
  },
  "root": "root",
  "version": 7
}
